
Microsoft Visual Studio Solution File, Format Version 12.00
# Visual Studio Version 16
VisualStudioVersion = 16.0.31112.23
MinimumVisualStudioVersion = 10.0.40219.1
Project("{FAE04EC0-301F-11D3-BF4B-00C04F79EFBC}") = "HelperVBA", "HelperVBA\HelperVBA.csproj", "{1A02E04D-5987-488B-BD04-CAC61F77F2FE}"
EndProject
Global
	GlobalSection(SolutionConfigurationPlatforms) = preSolution
		Debug|Any CPU = Debug|Any CPU
		Debug|x64 = Debug|x64
		Release|Any CPU = Release|Any CPU
		Release|x64 = Release|x64
	EndGlobalSection
	GlobalSection(ProjectConfigurationPlatforms) = postSolution
		{1A02E04D-5987-488B-BD04-CAC61F77F2FE}.Debug|Any CPU.ActiveCfg = Debug|Any CPU
		{1A02E04D-5987-488B-BD04-CAC61F77F2FE}.Debug|Any CPU.Build.0 = Debug|Any CPU
		{1A02E04D-5987-488B-BD04-CAC61F77F2FE}.Debug|x64.ActiveCfg = Debug|x64
		{1A02E04D-5987-488B-BD04-CAC61F77F2FE}.Debug|x64.Build.0 = Debug|x64
		{1A02E04D-5987-488B-BD04-CAC61F77F2FE}.Release|Any CPU.ActiveCfg = Release|Any CPU
		{1A02E04D-5987-488B-BD04-CAC61F77F2FE}.Release|Any CPU.Build.0 = Release|Any CPU
		{1A02E04D-5987-488B-BD04-CAC61F77F2FE}.Release|x64.ActiveCfg = Release|x64
		{1A02E04D-5987-488B-BD04-CAC61F77F2FE}.Release|x64.Build.0 = Release|x64
	EndGlobalSection
	GlobalSection(SolutionProperties) = preSolution
		HideSolutionNode = FALSE
	EndGlobalSection
	GlobalSection(ExtensibilityGlobals) = postSolution
		SolutionGuid = {48F7F36C-E7B6-4635-807C-E4E939B373EC}
	EndGlobalSection
EndGlobal
